
Microsoft Visual Studio Solution File, Format Version 12.00
# Visual Studio 15
VisualStudioVersion = 15.0.28307.168
MinimumVisualStudioVersion = 10.0.40219.1
Project("{FAE04EC0-301F-11D3-BF4B-00C04F79EFBC}") = "UltraBudget2", "UltraBudget2\UltraBudget2.csproj", "{226405B9-BC2E-483A-BB9A-540EF0E488ED}"
EndProject
Global
	GlobalSection(SolutionConfigurationPlatforms) = preSolution
		Debug|Any CPU = Debug|Any CPU
		Release|Any CPU = Release|Any CPU
	EndGlobalSection
	GlobalSection(ProjectConfigurationPlatforms) = postSolution
		{226405B9-BC2E-483A-BB9A-540EF0E488ED}.Debug|Any CPU.ActiveCfg = Debug|Any CPU
		{226405B9-BC2E-483A-BB9A-540EF0E488ED}.Debug|Any CPU.Build.0 = Debug|Any CPU
		{226405B9-BC2E-483A-BB9A-540EF0E488ED}.Release|Any CPU.ActiveCfg = Release|Any CPU
		{226405B9-BC2E-483A-BB9A-540EF0E488ED}.Release|Any CPU.Build.0 = Release|Any CPU
	EndGlobalSection
	GlobalSection(SolutionProperties) = preSolution
		HideSolutionNode = FALSE
	EndGlobalSection
	GlobalSection(ExtensibilityGlobals) = postSolution
		SolutionGuid = {0FADF86C-87A3-4FF5-85E1-C426EABF5A63}
	EndGlobalSection
EndGlobal
